
Microsoft Visual Studio Solution File, Format Version 12.00
# Visual Studio 15
VisualStudioVersion = 15.0.27703.2000
MinimumVisualStudioVersion = 10.0.40219.1
Project("{FAE04EC0-301F-11D3-BF4B-00C04F79EFBC}") = "DictionaryInspector", "tools\DictionaryInspector\DictionaryInspector.csproj", "{9BE0CDAA-4F30-4DE2-8A97-7FFF11CB8ED3}"
	ProjectSection(ProjectDependencies) = postProject
		{5176ADE7-E923-422D-92B3-6BA10D884891} = {5176ADE7-E923-422D-92B3-6BA10D884891}
	EndProjectSection
EndProject
Project("{9A19103F-16F7-4668-BE54-9A1E7A4F7556}") = "P2PDictionary", "src\P2PDictionary\P2PDictionary.csproj", "{5176ADE7-E923-422D-92B3-6BA10D884891}"
EndProject
Project("{2150E333-8FDC-42A3-9474-1A3956D46DE8}") = "Solution Items", "Solution Items", "{03A1EE34-89FF-4B5E-AF11-82EA0C53A589}"
	ProjectSection(SolutionItems) = preProject
		README.md = README.md
	EndProjectSection
EndProject
Project("{9A19103F-16F7-4668-BE54-9A1E7A4F7556}") = "P2PDictionary.Persistence", "src\P2PDictionary.Persistence\P2PDictionary.Persistence.csproj", "{2559BFA8-8E40-4748-8056-8F084B89BF93}"
EndProject
Project("{9A19103F-16F7-4668-BE54-9A1E7A4F7556}") = "TestP2PDict", "examples\TestP2PDict\TestP2PDict.csproj", "{069E7C19-893B-4D3C-9B2E-335BA0AEE683}"
EndProject
Project("{9A19103F-16F7-4668-BE54-9A1E7A4F7556}") = "P2PDictionary.Peers.Zeroconf", "src\P2PDictionary.Peers.Zeroconf\P2PDictionary.Peers.Zeroconf.csproj", "{FB8C251B-3108-4839-AEC0-23DD8AB3C7F4}"
EndProject
Project("{FAE04EC0-301F-11D3-BF4B-00C04F79EFBC}") = "Mono.Zeroconf", "extlib\mono-zeroconf-0.9.0\src\Mono.Zeroconf\Mono.Zeroconf.csproj", "{5CF88E3A-13DD-4114-BAD9-DA826946516F}"
EndProject
Project("{FAE04EC0-301F-11D3-BF4B-00C04F79EFBC}") = "Mono.Zeroconf.Providers.Bonjour", "extlib\mono-zeroconf-0.9.0\src\Mono.Zeroconf.Providers.Bonjour\Mono.Zeroconf.Providers.Bonjour.csproj", "{623325E2-5821-4701-A40C-3759097008DD}"
EndProject
Project("{888888A0-9F3D-457C-B088-3A5042F75D52}") = "p2pd", "src\p2pd\p2pd.pyproj", "{1B51AC39-87AD-4D5E-900D-9FCD786DCC61}"
EndProject
Global
	GlobalSection(SolutionConfigurationPlatforms) = preSolution
		Debug|Any CPU = Debug|Any CPU
		Debug|Mixed Platforms = Debug|Mixed Platforms
		Debug|x86 = Debug|x86
		Release|Any CPU = Release|Any CPU
		Release|Mixed Platforms = Release|Mixed Platforms
		Release|x86 = Release|x86
	EndGlobalSection
	GlobalSection(ProjectConfigurationPlatforms) = postSolution
		{9BE0CDAA-4F30-4DE2-8A97-7FFF11CB8ED3}.Debug|Any CPU.ActiveCfg = Debug|x86
		{9BE0CDAA-4F30-4DE2-8A97-7FFF11CB8ED3}.Debug|Mixed Platforms.ActiveCfg = Debug|x86
		{9BE0CDAA-4F30-4DE2-8A97-7FFF11CB8ED3}.Debug|Mixed Platforms.Build.0 = Debug|x86
		{9BE0CDAA-4F30-4DE2-8A97-7FFF11CB8ED3}.Debug|x86.ActiveCfg = Debug|x86
		{9BE0CDAA-4F30-4DE2-8A97-7FFF11CB8ED3}.Debug|x86.Build.0 = Debug|x86
		{9BE0CDAA-4F30-4DE2-8A97-7FFF11CB8ED3}.Release|Any CPU.ActiveCfg = Release|x86
		{9BE0CDAA-4F30-4DE2-8A97-7FFF11CB8ED3}.Release|Mixed Platforms.ActiveCfg = Release|x86
		{9BE0CDAA-4F30-4DE2-8A97-7FFF11CB8ED3}.Release|Mixed Platforms.Build.0 = Release|x86
		{9BE0CDAA-4F30-4DE2-8A97-7FFF11CB8ED3}.Release|x86.ActiveCfg = Release|x86
		{9BE0CDAA-4F30-4DE2-8A97-7FFF11CB8ED3}.Release|x86.Build.0 = Release|x86
		{5176ADE7-E923-422D-92B3-6BA10D884891}.Debug|Any CPU.ActiveCfg = Debug|Any CPU
		{5176ADE7-E923-422D-92B3-6BA10D884891}.Debug|Any CPU.Build.0 = Debug|Any CPU
		{5176ADE7-E923-422D-92B3-6BA10D884891}.Debug|Mixed Platforms.ActiveCfg = Debug|Any CPU
		{5176ADE7-E923-422D-92B3-6BA10D884891}.Debug|Mixed Platforms.Build.0 = Debug|Any CPU
		{5176ADE7-E923-422D-92B3-6BA10D884891}.Debug|x86.ActiveCfg = Debug|Any CPU
		{5176ADE7-E923-422D-92B3-6BA10D884891}.Debug|x86.Build.0 = Debug|Any CPU
		{5176ADE7-E923-422D-92B3-6BA10D884891}.Release|Any CPU.ActiveCfg = Release|Any CPU
		{5176ADE7-E923-422D-92B3-6BA10D884891}.Release|Any CPU.Build.0 = Release|Any CPU
		{5176ADE7-E923-422D-92B3-6BA10D884891}.Release|Mixed Platforms.ActiveCfg = Release|Any CPU
		{5176ADE7-E923-422D-92B3-6BA10D884891}.Release|Mixed Platforms.Build.0 = Release|Any CPU
		{5176ADE7-E923-422D-92B3-6BA10D884891}.Release|x86.ActiveCfg = Release|Any CPU
		{5176ADE7-E923-422D-92B3-6BA10D884891}.Release|x86.Build.0 = Release|Any CPU
		{2559BFA8-8E40-4748-8056-8F084B89BF93}.Debug|Any CPU.ActiveCfg = Debug|Any CPU
		{2559BFA8-8E40-4748-8056-8F084B89BF93}.Debug|Any CPU.Build.0 = Debug|Any CPU
		{2559BFA8-8E40-4748-8056-8F084B89BF93}.Debug|Mixed Platforms.ActiveCfg = Debug|Any CPU
		{2559BFA8-8E40-4748-8056-8F084B89BF93}.Debug|Mixed Platforms.Build.0 = Debug|Any CPU
		{2559BFA8-8E40-4748-8056-8F084B89BF93}.Debug|x86.ActiveCfg = Debug|Any CPU
		{2559BFA8-8E40-4748-8056-8F084B89BF93}.Debug|x86.Build.0 = Debug|Any CPU
		{2559BFA8-8E40-4748-8056-8F084B89BF93}.Release|Any CPU.ActiveCfg = Release|Any CPU
		{2559BFA8-8E40-4748-8056-8F084B89BF93}.Release|Any CPU.Build.0 = Release|Any CPU
		{2559BFA8-8E40-4748-8056-8F084B89BF93}.Release|Mixed Platforms.ActiveCfg = Release|Any CPU
		{2559BFA8-8E40-4748-8056-8F084B89BF93}.Release|Mixed Platforms.Build.0 = Release|Any CPU
		{2559BFA8-8E40-4748-8056-8F084B89BF93}.Release|x86.ActiveCfg = Release|Any CPU
		{2559BFA8-8E40-4748-8056-8F084B89BF93}.Release|x86.Build.0 = Release|Any CPU
		{069E7C19-893B-4D3C-9B2E-335BA0AEE683}.Debug|Any CPU.ActiveCfg = Debug|Any CPU
		{069E7C19-893B-4D3C-9B2E-335BA0AEE683}.Debug|Any CPU.Build.0 = Debug|Any CPU
		{069E7C19-893B-4D3C-9B2E-335BA0AEE683}.Debug|Mixed Platforms.ActiveCfg = Debug|Any CPU
		{069E7C19-893B-4D3C-9B2E-335BA0AEE683}.Debug|Mixed Platforms.Build.0 = Debug|Any CPU
		{069E7C19-893B-4D3C-9B2E-335BA0AEE683}.Debug|x86.ActiveCfg = Debug|Any CPU
		{069E7C19-893B-4D3C-9B2E-335BA0AEE683}.Debug|x86.Build.0 = Debug|Any CPU
		{069E7C19-893B-4D3C-9B2E-335BA0AEE683}.Release|Any CPU.ActiveCfg = Release|Any CPU
		{069E7C19-893B-4D3C-9B2E-335BA0AEE683}.Release|Any CPU.Build.0 = Release|Any CPU
		{069E7C19-893B-4D3C-9B2E-335BA0AEE683}.Release|Mixed Platforms.ActiveCfg = Release|Any CPU
		{069E7C19-893B-4D3C-9B2E-335BA0AEE683}.Release|Mixed Platforms.Build.0 = Release|Any CPU
		{069E7C19-893B-4D3C-9B2E-335BA0AEE683}.Release|x86.ActiveCfg = Release|Any CPU
		{069E7C19-893B-4D3C-9B2E-335BA0AEE683}.Release|x86.Build.0 = Release|Any CPU
		{FB8C251B-3108-4839-AEC0-23DD8AB3C7F4}.Debug|Any CPU.ActiveCfg = Debug|Any CPU
		{FB8C251B-3108-4839-AEC0-23DD8AB3C7F4}.Debug|Any CPU.Build.0 = Debug|Any CPU
		{FB8C251B-3108-4839-AEC0-23DD8AB3C7F4}.Debug|Mixed Platforms.ActiveCfg = Debug|Any CPU
		{FB8C251B-3108-4839-AEC0-23DD8AB3C7F4}.Debug|Mixed Platforms.Build.0 = Debug|Any CPU
		{FB8C251B-3108-4839-AEC0-23DD8AB3C7F4}.Debug|x86.ActiveCfg = Debug|Any CPU
		{FB8C251B-3108-4839-AEC0-23DD8AB3C7F4}.Debug|x86.Build.0 = Debug|Any CPU
		{FB8C251B-3108-4839-AEC0-23DD8AB3C7F4}.Release|Any CPU.ActiveCfg = Release|Any CPU
		{FB8C251B-3108-4839-AEC0-23DD8AB3C7F4}.Release|Any CPU.Build.0 = Release|Any CPU
		{FB8C251B-3108-4839-AEC0-23DD8AB3C7F4}.Release|Mixed Platforms.ActiveCfg = Release|Any CPU
		{FB8C251B-3108-4839-AEC0-23DD8AB3C7F4}.Release|Mixed Platforms.Build.0 = Release|Any CPU
		{FB8C251B-3108-4839-AEC0-23DD8AB3C7F4}.Release|x86.ActiveCfg = Release|Any CPU
		{FB8C251B-3108-4839-AEC0-23DD8AB3C7F4}.Release|x86.Build.0 = Release|Any CPU
		{5CF88E3A-13DD-4114-BAD9-DA826946516F}.Debug|Any CPU.ActiveCfg = Debug|Any CPU
		{5CF88E3A-13DD-4114-BAD9-DA826946516F}.Debug|Any CPU.Build.0 = Debug|Any CPU
		{5CF88E3A-13DD-4114-BAD9-DA826946516F}.Debug|Mixed Platforms.ActiveCfg = Debug|Any CPU
		{5CF88E3A-13DD-4114-BAD9-DA826946516F}.Debug|Mixed Platforms.Build.0 = Debug|Any CPU
		{5CF88E3A-13DD-4114-BAD9-DA826946516F}.Debug|x86.ActiveCfg = Debug|Any CPU
		{5CF88E3A-13DD-4114-BAD9-DA826946516F}.Debug|x86.Build.0 = Debug|Any CPU
		{5CF88E3A-13DD-4114-BAD9-DA826946516F}.Release|Any CPU.ActiveCfg = Debug|Any CPU
		{5CF88E3A-13DD-4114-BAD9-DA826946516F}.Release|Any CPU.Build.0 = Debug|Any CPU
		{5CF88E3A-13DD-4114-BAD9-DA826946516F}.Release|Mixed Platforms.ActiveCfg = Debug|Any CPU
		{5CF88E3A-13DD-4114-BAD9-DA826946516F}.Release|Mixed Platforms.Build.0 = Debug|Any CPU
		{5CF88E3A-13DD-4114-BAD9-DA826946516F}.Release|x86.ActiveCfg = Debug|Any CPU
		{5CF88E3A-13DD-4114-BAD9-DA826946516F}.Release|x86.Build.0 = Debug|Any CPU
		{623325E2-5821-4701-A40C-3759097008DD}.Debug|Any CPU.ActiveCfg = Debug|Any CPU
		{623325E2-5821-4701-A40C-3759097008DD}.Debug|Any CPU.Build.0 = Debug|Any CPU
		{623325E2-5821-4701-A40C-3759097008DD}.Debug|Mixed Platforms.ActiveCfg = Debug|Any CPU
		{623325E2-5821-4701-A40C-3759097008DD}.Debug|Mixed Platforms.Build.0 = Debug|Any CPU
		{623325E2-5821-4701-A40C-3759097008DD}.Debug|x86.ActiveCfg = Debug|Any CPU
		{623325E2-5821-4701-A40C-3759097008DD}.Debug|x86.Build.0 = Debug|Any CPU
		{623325E2-5821-4701-A40C-3759097008DD}.Release|Any CPU.ActiveCfg = Debug|Any CPU
		{623325E2-5821-4701-A40C-3759097008DD}.Release|Any CPU.Build.0 = Debug|Any CPU
		{623325E2-5821-4701-A40C-3759097008DD}.Release|Mixed Platforms.ActiveCfg = Debug|Any CPU
		{623325E2-5821-4701-A40C-3759097008DD}.Release|Mixed Platforms.Build.0 = Debug|Any CPU
		{623325E2-5821-4701-A40C-3759097008DD}.Release|x86.ActiveCfg = Debug|Any CPU
		{623325E2-5821-4701-A40C-3759097008DD}.Release|x86.Build.0 = Debug|Any CPU
		{1B51AC39-87AD-4D5E-900D-9FCD786DCC61}.Debug|Any CPU.ActiveCfg = Debug|Any CPU
		{1B51AC39-87AD-4D5E-900D-9FCD786DCC61}.Debug|Mixed Platforms.ActiveCfg = Debug|Any CPU
		{1B51AC39-87AD-4D5E-900D-9FCD786DCC61}.Debug|x86.ActiveCfg = Debug|Any CPU
		{1B51AC39-87AD-4D5E-900D-9FCD786DCC61}.Release|Any CPU.ActiveCfg = Release|Any CPU
		{1B51AC39-87AD-4D5E-900D-9FCD786DCC61}.Release|Mixed Platforms.ActiveCfg = Release|Any CPU
		{1B51AC39-87AD-4D5E-900D-9FCD786DCC61}.Release|x86.ActiveCfg = Release|Any CPU
	EndGlobalSection
	GlobalSection(SolutionProperties) = preSolution
		HideSolutionNode = FALSE
	EndGlobalSection
	GlobalSection(ExtensibilityGlobals) = postSolution
		SolutionGuid = {CB0692D0-0F47-42FE-B580-BF2B15F839D3}
	EndGlobalSection
EndGlobal
