
Microsoft Visual Studio Solution File, Format Version 12.00
# Visual Studio 15
VisualStudioVersion = 15.0.27703.2000
MinimumVisualStudioVersion = 10.0.40219.1
Project("{FAE04EC0-301F-11D3-BF4B-00C04F79EFBC}") = "DictionaryInspector", "tools\DictionaryInspector\DictionaryInspector.csproj", "{9BE0CDAA-4F30-4DE2-8A97-7FFF11CB8ED3}"
	ProjectSection(ProjectDependencies) = postProject
		{5176ADE7-E923-422D-92B3-6BA10D884891} = {5176ADE7-E923-422D-92B3-6BA10D884891}
	EndProjectSection
EndProject
Project("{FAE04EC0-301F-11D3-BF4B-00C04F79EFBC}") = "TestP2PDict", "tests\p2p_test\TestP2PDict.csproj", "{F2C42F75-094D-49B0-A93E-3841A64ECCC7}"
	ProjectSection(ProjectDependencies) = postProject
		{5176ADE7-E923-422D-92B3-6BA10D884891} = {5176ADE7-E923-422D-92B3-6BA10D884891}
	EndProjectSection
EndProject
Project("{9A19103F-16F7-4668-BE54-9A1E7A4F7556}") = "P2PDictionary", "src\P2PDictionary\P2PDictionary.csproj", "{5176ADE7-E923-422D-92B3-6BA10D884891}"
EndProject
Project("{FAE04EC0-301F-11D3-BF4B-00C04F79EFBC}") = "P2PDictionary.Persistence", "src\P2PDictionary.Persistence\P2PDictionary.Persistence.csproj", "{CE2FEEAB-E287-4663-990D-5B960E42510B}"
	ProjectSection(ProjectDependencies) = postProject
		{5176ADE7-E923-422D-92B3-6BA10D884891} = {5176ADE7-E923-422D-92B3-6BA10D884891}
	EndProjectSection
EndProject
Project("{FAE04EC0-301F-11D3-BF4B-00C04F79EFBC}") = "Mono.Zeroconf", "extlib\mono-zeroconf-0.9.0\src\Mono.Zeroconf\Mono.Zeroconf.csproj", "{5CF88E3A-13DD-4114-BAD9-DA826946516F}"
EndProject
Project("{FAE04EC0-301F-11D3-BF4B-00C04F79EFBC}") = "Mono.Zeroconf.Providers.Bonjour", "extlib\mono-zeroconf-0.9.0\src\Mono.Zeroconf.Providers.Bonjour\Mono.Zeroconf.Providers.Bonjour.csproj", "{623325E2-5821-4701-A40C-3759097008DD}"
EndProject
Global
	GlobalSection(SolutionConfigurationPlatforms) = preSolution
		Debug|Any CPU = Debug|Any CPU
		Debug|Mixed Platforms = Debug|Mixed Platforms
		Debug|x86 = Debug|x86
		Release|Any CPU = Release|Any CPU
		Release|Mixed Platforms = Release|Mixed Platforms
		Release|x86 = Release|x86
	EndGlobalSection
	GlobalSection(ProjectConfigurationPlatforms) = postSolution
		{9BE0CDAA-4F30-4DE2-8A97-7FFF11CB8ED3}.Debug|Any CPU.ActiveCfg = Debug|x86
		{9BE0CDAA-4F30-4DE2-8A97-7FFF11CB8ED3}.Debug|Mixed Platforms.ActiveCfg = Debug|x86
		{9BE0CDAA-4F30-4DE2-8A97-7FFF11CB8ED3}.Debug|Mixed Platforms.Build.0 = Debug|x86
		{9BE0CDAA-4F30-4DE2-8A97-7FFF11CB8ED3}.Debug|x86.ActiveCfg = Debug|x86
		{9BE0CDAA-4F30-4DE2-8A97-7FFF11CB8ED3}.Debug|x86.Build.0 = Debug|x86
		{9BE0CDAA-4F30-4DE2-8A97-7FFF11CB8ED3}.Release|Any CPU.ActiveCfg = Release|x86
		{9BE0CDAA-4F30-4DE2-8A97-7FFF11CB8ED3}.Release|Mixed Platforms.ActiveCfg = Release|x86
		{9BE0CDAA-4F30-4DE2-8A97-7FFF11CB8ED3}.Release|Mixed Platforms.Build.0 = Release|x86
		{9BE0CDAA-4F30-4DE2-8A97-7FFF11CB8ED3}.Release|x86.ActiveCfg = Release|x86
		{9BE0CDAA-4F30-4DE2-8A97-7FFF11CB8ED3}.Release|x86.Build.0 = Release|x86
		{F2C42F75-094D-49B0-A93E-3841A64ECCC7}.Debug|Any CPU.ActiveCfg = Debug|x86
		{F2C42F75-094D-49B0-A93E-3841A64ECCC7}.Debug|Mixed Platforms.ActiveCfg = Debug|x86
		{F2C42F75-094D-49B0-A93E-3841A64ECCC7}.Debug|Mixed Platforms.Build.0 = Debug|x86
		{F2C42F75-094D-49B0-A93E-3841A64ECCC7}.Debug|x86.ActiveCfg = Debug|x86
		{F2C42F75-094D-49B0-A93E-3841A64ECCC7}.Debug|x86.Build.0 = Debug|x86
		{F2C42F75-094D-49B0-A93E-3841A64ECCC7}.Release|Any CPU.ActiveCfg = Release|x86
		{F2C42F75-094D-49B0-A93E-3841A64ECCC7}.Release|Mixed Platforms.ActiveCfg = Release|x86
		{F2C42F75-094D-49B0-A93E-3841A64ECCC7}.Release|Mixed Platforms.Build.0 = Release|x86
		{F2C42F75-094D-49B0-A93E-3841A64ECCC7}.Release|x86.ActiveCfg = Release|x86
		{F2C42F75-094D-49B0-A93E-3841A64ECCC7}.Release|x86.Build.0 = Release|x86
		{5176ADE7-E923-422D-92B3-6BA10D884891}.Debug|Any CPU.ActiveCfg = Debug|Any CPU
		{5176ADE7-E923-422D-92B3-6BA10D884891}.Debug|Any CPU.Build.0 = Debug|Any CPU
		{5176ADE7-E923-422D-92B3-6BA10D884891}.Debug|Mixed Platforms.ActiveCfg = Debug|Any CPU
		{5176ADE7-E923-422D-92B3-6BA10D884891}.Debug|Mixed Platforms.Build.0 = Debug|Any CPU
		{5176ADE7-E923-422D-92B3-6BA10D884891}.Debug|x86.ActiveCfg = Debug|Any CPU
		{5176ADE7-E923-422D-92B3-6BA10D884891}.Debug|x86.Build.0 = Debug|Any CPU
		{5176ADE7-E923-422D-92B3-6BA10D884891}.Release|Any CPU.ActiveCfg = Release|Any CPU
		{5176ADE7-E923-422D-92B3-6BA10D884891}.Release|Any CPU.Build.0 = Release|Any CPU
		{5176ADE7-E923-422D-92B3-6BA10D884891}.Release|Mixed Platforms.ActiveCfg = Release|Any CPU
		{5176ADE7-E923-422D-92B3-6BA10D884891}.Release|Mixed Platforms.Build.0 = Release|Any CPU
		{5176ADE7-E923-422D-92B3-6BA10D884891}.Release|x86.ActiveCfg = Release|Any CPU
		{5176ADE7-E923-422D-92B3-6BA10D884891}.Release|x86.Build.0 = Release|Any CPU
		{CE2FEEAB-E287-4663-990D-5B960E42510B}.Debug|Any CPU.ActiveCfg = Debug|Any CPU
		{CE2FEEAB-E287-4663-990D-5B960E42510B}.Debug|Any CPU.Build.0 = Debug|Any CPU
		{CE2FEEAB-E287-4663-990D-5B960E42510B}.Debug|Mixed Platforms.ActiveCfg = Debug|Any CPU
		{CE2FEEAB-E287-4663-990D-5B960E42510B}.Debug|Mixed Platforms.Build.0 = Debug|Any CPU
		{CE2FEEAB-E287-4663-990D-5B960E42510B}.Debug|x86.ActiveCfg = Debug|Any CPU
		{CE2FEEAB-E287-4663-990D-5B960E42510B}.Debug|x86.Build.0 = Debug|Any CPU
		{CE2FEEAB-E287-4663-990D-5B960E42510B}.Release|Any CPU.ActiveCfg = Release|Any CPU
		{CE2FEEAB-E287-4663-990D-5B960E42510B}.Release|Any CPU.Build.0 = Release|Any CPU
		{CE2FEEAB-E287-4663-990D-5B960E42510B}.Release|Mixed Platforms.ActiveCfg = Release|Any CPU
		{CE2FEEAB-E287-4663-990D-5B960E42510B}.Release|Mixed Platforms.Build.0 = Release|Any CPU
		{CE2FEEAB-E287-4663-990D-5B960E42510B}.Release|x86.ActiveCfg = Release|Any CPU
		{CE2FEEAB-E287-4663-990D-5B960E42510B}.Release|x86.Build.0 = Release|Any CPU
		{5CF88E3A-13DD-4114-BAD9-DA826946516F}.Debug|Any CPU.ActiveCfg = Debug|Any CPU
		{5CF88E3A-13DD-4114-BAD9-DA826946516F}.Debug|Any CPU.Build.0 = Debug|Any CPU
		{5CF88E3A-13DD-4114-BAD9-DA826946516F}.Debug|Mixed Platforms.ActiveCfg = Debug|Any CPU
		{5CF88E3A-13DD-4114-BAD9-DA826946516F}.Debug|Mixed Platforms.Build.0 = Debug|Any CPU
		{5CF88E3A-13DD-4114-BAD9-DA826946516F}.Debug|x86.ActiveCfg = Debug|Any CPU
		{5CF88E3A-13DD-4114-BAD9-DA826946516F}.Debug|x86.Build.0 = Debug|Any CPU
		{5CF88E3A-13DD-4114-BAD9-DA826946516F}.Release|Any CPU.ActiveCfg = Debug|Any CPU
		{5CF88E3A-13DD-4114-BAD9-DA826946516F}.Release|Any CPU.Build.0 = Debug|Any CPU
		{5CF88E3A-13DD-4114-BAD9-DA826946516F}.Release|Mixed Platforms.ActiveCfg = Debug|Any CPU
		{5CF88E3A-13DD-4114-BAD9-DA826946516F}.Release|Mixed Platforms.Build.0 = Debug|Any CPU
		{5CF88E3A-13DD-4114-BAD9-DA826946516F}.Release|x86.ActiveCfg = Debug|Any CPU
		{5CF88E3A-13DD-4114-BAD9-DA826946516F}.Release|x86.Build.0 = Debug|Any CPU
		{623325E2-5821-4701-A40C-3759097008DD}.Debug|Any CPU.ActiveCfg = Debug|Any CPU
		{623325E2-5821-4701-A40C-3759097008DD}.Debug|Any CPU.Build.0 = Debug|Any CPU
		{623325E2-5821-4701-A40C-3759097008DD}.Debug|Mixed Platforms.ActiveCfg = Debug|Any CPU
		{623325E2-5821-4701-A40C-3759097008DD}.Debug|Mixed Platforms.Build.0 = Debug|Any CPU
		{623325E2-5821-4701-A40C-3759097008DD}.Debug|x86.ActiveCfg = Debug|Any CPU
		{623325E2-5821-4701-A40C-3759097008DD}.Debug|x86.Build.0 = Debug|Any CPU
		{623325E2-5821-4701-A40C-3759097008DD}.Release|Any CPU.ActiveCfg = Debug|Any CPU
		{623325E2-5821-4701-A40C-3759097008DD}.Release|Any CPU.Build.0 = Debug|Any CPU
		{623325E2-5821-4701-A40C-3759097008DD}.Release|Mixed Platforms.ActiveCfg = Debug|Any CPU
		{623325E2-5821-4701-A40C-3759097008DD}.Release|Mixed Platforms.Build.0 = Debug|Any CPU
		{623325E2-5821-4701-A40C-3759097008DD}.Release|x86.ActiveCfg = Debug|Any CPU
		{623325E2-5821-4701-A40C-3759097008DD}.Release|x86.Build.0 = Debug|Any CPU
	EndGlobalSection
	GlobalSection(SolutionProperties) = preSolution
		HideSolutionNode = FALSE
	EndGlobalSection
	GlobalSection(ExtensibilityGlobals) = postSolution
		SolutionGuid = {CB0692D0-0F47-42FE-B580-BF2B15F839D3}
	EndGlobalSection
EndGlobal
