
Microsoft Visual Studio Solution File, Format Version 12.00
# Visual Studio 2013
VisualStudioVersion = 12.0.30501.0
MinimumVisualStudioVersion = 10.0.40219.1
Project("{FAE04EC0-301F-11D3-BF4B-00C04F79EFBC}") = "DictionaryInspector", "tools\DictionaryInspector\DictionaryInspector.csproj", "{9BE0CDAA-4F30-4DE2-8A97-7FFF11CB8ED3}"
EndProject
Project("{FAE04EC0-301F-11D3-BF4B-00C04F79EFBC}") = "P2PDictionary", "src\main\P2PDictionary.csproj", "{74AE4963-474A-444D-B194-176EEA7B5EEB}"
EndProject
Project("{FAE04EC0-301F-11D3-BF4B-00C04F79EFBC}") = "P2PDictionary.Persistence", "src\persistence\P2PDictionary.Persistence.csproj", "{CE2FEEAB-E287-4663-990D-5B960E42510B}"
EndProject
Project("{FAE04EC0-301F-11D3-BF4B-00C04F79EFBC}") = "TestP2PDict", "tests\p2p_test\TestP2PDict.csproj", "{F2C42F75-094D-49B0-A93E-3841A64ECCC7}"
EndProject
Global
	GlobalSection(SolutionConfigurationPlatforms) = preSolution
		Debug|Any CPU = Debug|Any CPU
		Debug|Mixed Platforms = Debug|Mixed Platforms
		Debug|x86 = Debug|x86
		Release|Any CPU = Release|Any CPU
		Release|Mixed Platforms = Release|Mixed Platforms
		Release|x86 = Release|x86
	EndGlobalSection
	GlobalSection(ProjectConfigurationPlatforms) = postSolution
		{9BE0CDAA-4F30-4DE2-8A97-7FFF11CB8ED3}.Debug|Any CPU.ActiveCfg = Debug|x86
		{9BE0CDAA-4F30-4DE2-8A97-7FFF11CB8ED3}.Debug|Mixed Platforms.ActiveCfg = Debug|x86
		{9BE0CDAA-4F30-4DE2-8A97-7FFF11CB8ED3}.Debug|Mixed Platforms.Build.0 = Debug|x86
		{9BE0CDAA-4F30-4DE2-8A97-7FFF11CB8ED3}.Debug|x86.ActiveCfg = Debug|x86
		{9BE0CDAA-4F30-4DE2-8A97-7FFF11CB8ED3}.Debug|x86.Build.0 = Debug|x86
		{9BE0CDAA-4F30-4DE2-8A97-7FFF11CB8ED3}.Release|Any CPU.ActiveCfg = Release|x86
		{9BE0CDAA-4F30-4DE2-8A97-7FFF11CB8ED3}.Release|Mixed Platforms.ActiveCfg = Release|x86
		{9BE0CDAA-4F30-4DE2-8A97-7FFF11CB8ED3}.Release|Mixed Platforms.Build.0 = Release|x86
		{9BE0CDAA-4F30-4DE2-8A97-7FFF11CB8ED3}.Release|x86.ActiveCfg = Release|x86
		{9BE0CDAA-4F30-4DE2-8A97-7FFF11CB8ED3}.Release|x86.Build.0 = Release|x86
		{74AE4963-474A-444D-B194-176EEA7B5EEB}.Debug|Any CPU.ActiveCfg = Debug|Any CPU
		{74AE4963-474A-444D-B194-176EEA7B5EEB}.Debug|Any CPU.Build.0 = Debug|Any CPU
		{74AE4963-474A-444D-B194-176EEA7B5EEB}.Debug|Mixed Platforms.ActiveCfg = Debug|Any CPU
		{74AE4963-474A-444D-B194-176EEA7B5EEB}.Debug|Mixed Platforms.Build.0 = Debug|Any CPU
		{74AE4963-474A-444D-B194-176EEA7B5EEB}.Debug|x86.ActiveCfg = Debug|Any CPU
		{74AE4963-474A-444D-B194-176EEA7B5EEB}.Release|Any CPU.ActiveCfg = Release|Any CPU
		{74AE4963-474A-444D-B194-176EEA7B5EEB}.Release|Any CPU.Build.0 = Release|Any CPU
		{74AE4963-474A-444D-B194-176EEA7B5EEB}.Release|Mixed Platforms.ActiveCfg = Release|Any CPU
		{74AE4963-474A-444D-B194-176EEA7B5EEB}.Release|Mixed Platforms.Build.0 = Release|Any CPU
		{74AE4963-474A-444D-B194-176EEA7B5EEB}.Release|x86.ActiveCfg = Release|Any CPU
		{CE2FEEAB-E287-4663-990D-5B960E42510B}.Debug|Any CPU.ActiveCfg = Debug|Any CPU
		{CE2FEEAB-E287-4663-990D-5B960E42510B}.Debug|Any CPU.Build.0 = Debug|Any CPU
		{CE2FEEAB-E287-4663-990D-5B960E42510B}.Debug|Mixed Platforms.ActiveCfg = Debug|Any CPU
		{CE2FEEAB-E287-4663-990D-5B960E42510B}.Debug|Mixed Platforms.Build.0 = Debug|Any CPU
		{CE2FEEAB-E287-4663-990D-5B960E42510B}.Debug|x86.ActiveCfg = Debug|Any CPU
		{CE2FEEAB-E287-4663-990D-5B960E42510B}.Release|Any CPU.ActiveCfg = Release|Any CPU
		{CE2FEEAB-E287-4663-990D-5B960E42510B}.Release|Any CPU.Build.0 = Release|Any CPU
		{CE2FEEAB-E287-4663-990D-5B960E42510B}.Release|Mixed Platforms.ActiveCfg = Release|Any CPU
		{CE2FEEAB-E287-4663-990D-5B960E42510B}.Release|Mixed Platforms.Build.0 = Release|Any CPU
		{CE2FEEAB-E287-4663-990D-5B960E42510B}.Release|x86.ActiveCfg = Release|Any CPU
		{F2C42F75-094D-49B0-A93E-3841A64ECCC7}.Debug|Any CPU.ActiveCfg = Debug|x86
		{F2C42F75-094D-49B0-A93E-3841A64ECCC7}.Debug|Mixed Platforms.ActiveCfg = Debug|x86
		{F2C42F75-094D-49B0-A93E-3841A64ECCC7}.Debug|Mixed Platforms.Build.0 = Debug|x86
		{F2C42F75-094D-49B0-A93E-3841A64ECCC7}.Debug|x86.ActiveCfg = Debug|x86
		{F2C42F75-094D-49B0-A93E-3841A64ECCC7}.Debug|x86.Build.0 = Debug|x86
		{F2C42F75-094D-49B0-A93E-3841A64ECCC7}.Release|Any CPU.ActiveCfg = Release|x86
		{F2C42F75-094D-49B0-A93E-3841A64ECCC7}.Release|Mixed Platforms.ActiveCfg = Release|x86
		{F2C42F75-094D-49B0-A93E-3841A64ECCC7}.Release|Mixed Platforms.Build.0 = Release|x86
		{F2C42F75-094D-49B0-A93E-3841A64ECCC7}.Release|x86.ActiveCfg = Release|x86
		{F2C42F75-094D-49B0-A93E-3841A64ECCC7}.Release|x86.Build.0 = Release|x86
	EndGlobalSection
	GlobalSection(SolutionProperties) = preSolution
		HideSolutionNode = FALSE
	EndGlobalSection
EndGlobal
