
Microsoft Visual Studio Solution File, Format Version 12.00
# Visual Studio 15
VisualStudioVersion = 15.0.27703.2000
MinimumVisualStudioVersion = 10.0.40219.1
Project("{FAE04EC0-301F-11D3-BF4B-00C04F79EFBC}") = "SharedPhotos", "SharedPhotos.csproj", "{FC608EFA-2B44-47D6-BD7E-55084E20B1E1}"
EndProject
Project("{9A19103F-16F7-4668-BE54-9A1E7A4F7556}") = "P2PDictionary", "..\..\src\P2PDictionary\P2PDictionary.csproj", "{493C3811-EA0B-4242-BD6C-124FAEA2D233}"
EndProject
Project("{FAE04EC0-301F-11D3-BF4B-00C04F79EFBC}") = "Mono.Zeroconf.Providers.Bonjour", "..\..\extlib\mono-zeroconf-0.9.0\src\Mono.Zeroconf.Providers.Bonjour\Mono.Zeroconf.Providers.Bonjour.csproj", "{623325E2-5821-4701-A40C-3759097008DD}"
EndProject
Project("{FAE04EC0-301F-11D3-BF4B-00C04F79EFBC}") = "Mono.Zeroconf", "..\..\extlib\mono-zeroconf-0.9.0\src\Mono.Zeroconf\Mono.Zeroconf.csproj", "{5CF88E3A-13DD-4114-BAD9-DA826946516F}"
EndProject
Project("{9A19103F-16F7-4668-BE54-9A1E7A4F7556}") = "P2PDictionary.Peers.Zeroconf", "..\..\src\P2PDictionary.Peers.Zeroconf\P2PDictionary.Peers.Zeroconf.csproj", "{FAE0E301-04FE-420F-8EDB-820AC0A89A34}"
EndProject
Global
	GlobalSection(SolutionConfigurationPlatforms) = preSolution
		Debug|Any CPU = Debug|Any CPU
		Debug|Mixed Platforms = Debug|Mixed Platforms
		Debug|x86 = Debug|x86
		Release|Any CPU = Release|Any CPU
		Release|Mixed Platforms = Release|Mixed Platforms
		Release|x86 = Release|x86
	EndGlobalSection
	GlobalSection(ProjectConfigurationPlatforms) = postSolution
		{FC608EFA-2B44-47D6-BD7E-55084E20B1E1}.Debug|Any CPU.ActiveCfg = Debug|x86
		{FC608EFA-2B44-47D6-BD7E-55084E20B1E1}.Debug|Mixed Platforms.ActiveCfg = Debug|x86
		{FC608EFA-2B44-47D6-BD7E-55084E20B1E1}.Debug|Mixed Platforms.Build.0 = Debug|x86
		{FC608EFA-2B44-47D6-BD7E-55084E20B1E1}.Debug|x86.ActiveCfg = Debug|x86
		{FC608EFA-2B44-47D6-BD7E-55084E20B1E1}.Debug|x86.Build.0 = Debug|x86
		{FC608EFA-2B44-47D6-BD7E-55084E20B1E1}.Release|Any CPU.ActiveCfg = Release|x86
		{FC608EFA-2B44-47D6-BD7E-55084E20B1E1}.Release|Mixed Platforms.ActiveCfg = Release|x86
		{FC608EFA-2B44-47D6-BD7E-55084E20B1E1}.Release|Mixed Platforms.Build.0 = Release|x86
		{FC608EFA-2B44-47D6-BD7E-55084E20B1E1}.Release|x86.ActiveCfg = Release|x86
		{FC608EFA-2B44-47D6-BD7E-55084E20B1E1}.Release|x86.Build.0 = Release|x86
		{493C3811-EA0B-4242-BD6C-124FAEA2D233}.Debug|Any CPU.ActiveCfg = Debug|Any CPU
		{493C3811-EA0B-4242-BD6C-124FAEA2D233}.Debug|Any CPU.Build.0 = Debug|Any CPU
		{493C3811-EA0B-4242-BD6C-124FAEA2D233}.Debug|Mixed Platforms.ActiveCfg = Debug|Any CPU
		{493C3811-EA0B-4242-BD6C-124FAEA2D233}.Debug|Mixed Platforms.Build.0 = Debug|Any CPU
		{493C3811-EA0B-4242-BD6C-124FAEA2D233}.Debug|x86.ActiveCfg = Debug|Any CPU
		{493C3811-EA0B-4242-BD6C-124FAEA2D233}.Debug|x86.Build.0 = Debug|Any CPU
		{493C3811-EA0B-4242-BD6C-124FAEA2D233}.Release|Any CPU.ActiveCfg = Release|Any CPU
		{493C3811-EA0B-4242-BD6C-124FAEA2D233}.Release|Any CPU.Build.0 = Release|Any CPU
		{493C3811-EA0B-4242-BD6C-124FAEA2D233}.Release|Mixed Platforms.ActiveCfg = Release|Any CPU
		{493C3811-EA0B-4242-BD6C-124FAEA2D233}.Release|Mixed Platforms.Build.0 = Release|Any CPU
		{493C3811-EA0B-4242-BD6C-124FAEA2D233}.Release|x86.ActiveCfg = Release|Any CPU
		{493C3811-EA0B-4242-BD6C-124FAEA2D233}.Release|x86.Build.0 = Release|Any CPU
		{623325E2-5821-4701-A40C-3759097008DD}.Debug|Any CPU.ActiveCfg = Debug|Any CPU
		{623325E2-5821-4701-A40C-3759097008DD}.Debug|Any CPU.Build.0 = Debug|Any CPU
		{623325E2-5821-4701-A40C-3759097008DD}.Debug|Mixed Platforms.ActiveCfg = Debug|Any CPU
		{623325E2-5821-4701-A40C-3759097008DD}.Debug|Mixed Platforms.Build.0 = Debug|Any CPU
		{623325E2-5821-4701-A40C-3759097008DD}.Debug|x86.ActiveCfg = Debug|Any CPU
		{623325E2-5821-4701-A40C-3759097008DD}.Debug|x86.Build.0 = Debug|Any CPU
		{623325E2-5821-4701-A40C-3759097008DD}.Release|Any CPU.ActiveCfg = Debug|Any CPU
		{623325E2-5821-4701-A40C-3759097008DD}.Release|Any CPU.Build.0 = Debug|Any CPU
		{623325E2-5821-4701-A40C-3759097008DD}.Release|Mixed Platforms.ActiveCfg = Debug|Any CPU
		{623325E2-5821-4701-A40C-3759097008DD}.Release|Mixed Platforms.Build.0 = Debug|Any CPU
		{623325E2-5821-4701-A40C-3759097008DD}.Release|x86.ActiveCfg = Debug|Any CPU
		{623325E2-5821-4701-A40C-3759097008DD}.Release|x86.Build.0 = Debug|Any CPU
		{5CF88E3A-13DD-4114-BAD9-DA826946516F}.Debug|Any CPU.ActiveCfg = Debug|Any CPU
		{5CF88E3A-13DD-4114-BAD9-DA826946516F}.Debug|Any CPU.Build.0 = Debug|Any CPU
		{5CF88E3A-13DD-4114-BAD9-DA826946516F}.Debug|Mixed Platforms.ActiveCfg = Debug|Any CPU
		{5CF88E3A-13DD-4114-BAD9-DA826946516F}.Debug|Mixed Platforms.Build.0 = Debug|Any CPU
		{5CF88E3A-13DD-4114-BAD9-DA826946516F}.Debug|x86.ActiveCfg = Debug|Any CPU
		{5CF88E3A-13DD-4114-BAD9-DA826946516F}.Debug|x86.Build.0 = Debug|Any CPU
		{5CF88E3A-13DD-4114-BAD9-DA826946516F}.Release|Any CPU.ActiveCfg = Debug|Any CPU
		{5CF88E3A-13DD-4114-BAD9-DA826946516F}.Release|Any CPU.Build.0 = Debug|Any CPU
		{5CF88E3A-13DD-4114-BAD9-DA826946516F}.Release|Mixed Platforms.ActiveCfg = Debug|Any CPU
		{5CF88E3A-13DD-4114-BAD9-DA826946516F}.Release|Mixed Platforms.Build.0 = Debug|Any CPU
		{5CF88E3A-13DD-4114-BAD9-DA826946516F}.Release|x86.ActiveCfg = Debug|Any CPU
		{5CF88E3A-13DD-4114-BAD9-DA826946516F}.Release|x86.Build.0 = Debug|Any CPU
		{FAE0E301-04FE-420F-8EDB-820AC0A89A34}.Debug|Any CPU.ActiveCfg = Debug|Any CPU
		{FAE0E301-04FE-420F-8EDB-820AC0A89A34}.Debug|Any CPU.Build.0 = Debug|Any CPU
		{FAE0E301-04FE-420F-8EDB-820AC0A89A34}.Debug|Mixed Platforms.ActiveCfg = Debug|Any CPU
		{FAE0E301-04FE-420F-8EDB-820AC0A89A34}.Debug|Mixed Platforms.Build.0 = Debug|Any CPU
		{FAE0E301-04FE-420F-8EDB-820AC0A89A34}.Debug|x86.ActiveCfg = Debug|Any CPU
		{FAE0E301-04FE-420F-8EDB-820AC0A89A34}.Debug|x86.Build.0 = Debug|Any CPU
		{FAE0E301-04FE-420F-8EDB-820AC0A89A34}.Release|Any CPU.ActiveCfg = Release|Any CPU
		{FAE0E301-04FE-420F-8EDB-820AC0A89A34}.Release|Any CPU.Build.0 = Release|Any CPU
		{FAE0E301-04FE-420F-8EDB-820AC0A89A34}.Release|Mixed Platforms.ActiveCfg = Release|Any CPU
		{FAE0E301-04FE-420F-8EDB-820AC0A89A34}.Release|Mixed Platforms.Build.0 = Release|Any CPU
		{FAE0E301-04FE-420F-8EDB-820AC0A89A34}.Release|x86.ActiveCfg = Release|Any CPU
		{FAE0E301-04FE-420F-8EDB-820AC0A89A34}.Release|x86.Build.0 = Release|Any CPU
	EndGlobalSection
	GlobalSection(SolutionProperties) = preSolution
		HideSolutionNode = FALSE
	EndGlobalSection
	GlobalSection(ExtensibilityGlobals) = postSolution
		SolutionGuid = {9526884A-54F5-45D3-9385-C8CD62ED041A}
	EndGlobalSection
EndGlobal
